// !$*UTF8*$!
{
	archiveVersion = 1;
	classes = {
	};
	objectVersion = 48;
	objects = {

/* Begin PBXBuildFile section */
		CA3D101C206F53D20057D9C4 /* AppDelegate.swift in Sources */ = {isa = PBXBuildFile; fileRef = CA3D101B206F53D20057D9C4 /* AppDelegate.swift */; };
		CA3D101E206F53D20057D9C4 /* ViewController.swift in Sources */ = {isa = PBXBuildFile; fileRef = CA3D101D206F53D20057D9C4 /* ViewController.swift */; };
		CA3D1021206F53D20057D9C4 /* Main.storyboard in Resources */ = {isa = PBXBuildFile; fileRef = CA3D101F206F53D20057D9C4 /* Main.storyboard */; };
		CA3D1023206F53D20057D9C4 /* Assets.xcassets in Resources */ = {isa = PBXBuildFile; fileRef = CA3D1022206F53D20057D9C4 /* Assets.xcassets */; };
		CA3D1026206F53D20057D9C4 /* LaunchScreen.storyboard in Resources */ = {isa = PBXBuildFile; fileRef = CA3D1024206F53D20057D9C4 /* LaunchScreen.storyboard */; };
		CA3D1031206F53D20057D9C4 /* MusicTests.swift in Sources */ = {isa = PBXBuildFile; fileRef = CA3D1030206F53D20057D9C4 /* MusicTests.swift */; };
		CA3D103C206F53D20057D9C4 /* MusicUITests.swift in Sources */ = {isa = PBXBuildFile; fileRef = CA3D103B206F53D20057D9C4 /* MusicUITests.swift */; };
/* End PBXBuildFile section */

/* Begin PBXContainerItemProxy section */
		CA3D102D206F53D20057D9C4 /* PBXContainerItemProxy */ = {
			isa = PBXContainerItemProxy;
			containerPortal = CA3D1010206F53D10057D9C4 /* Project object */;
			proxyType = 1;
			remoteGlobalIDString = CA3D1017206F53D20057D9C4;
			remoteInfo = Music;
		};
		CA3D1038206F53D20057D9C4 /* PBXContainerItemProxy */ = {
			isa = PBXContainerItemProxy;
			containerPortal = CA3D1010206F53D10057D9C4 /* Project object */;
			proxyType = 1;
			remoteGlobalIDString = CA3D1017206F53D20057D9C4;
			remoteInfo = Music;
		};
/* End PBXContainerItemProxy section */

/* Begin PBXFileReference section */
		CA3D1018206F53D20057D9C4 /* Music.app */ = {isa = PBXFileReference; explicitFileType = wrapper.application; includeInIndex = 0; path = Music.app; sourceTree = BUILT_PRODUCTS_DIR; };
		CA3D101B206F53D20057D9C4 /* AppDelegate.swift */ = {isa = PBXFileReference; lastKnownFileType = sourcecode.swift; path = AppDelegate.swift; sourceTree = "<group>"; };
		CA3D101D206F53D20057D9C4 /* ViewController.swift */ = {isa = PBXFileReference; lastKnownFileType = sourcecode.swift; path = ViewController.swift; sourceTree = "<group>"; };
		CA3D1020206F53D20057D9C4 /* Base */ = {isa = PBXFileReference; lastKnownFileType = file.storyboard; name = Base; path = Base.lproj/Main.storyboard; sourceTree = "<group>"; };
		CA3D1022206F53D20057D9C4 /* Assets.xcassets */ = {isa = PBXFileReference; lastKnownFileType = folder.assetcatalog; path = Assets.xcassets; sourceTree = "<group>"; };
		CA3D1025206F53D20057D9C4 /* Base */ = {isa = PBXFileReference; lastKnownFileType = file.storyboard; name = Base; path = Base.lproj/LaunchScreen.storyboard; sourceTree = "<group>"; };
		CA3D1027206F53D20057D9C4 /* Info.plist */ = {isa = PBXFileReference; lastKnownFileType = text.plist.xml; path = Info.plist; sourceTree = "<group>"; };
		CA3D102C206F53D20057D9C4 /* MusicTests.xctest */ = {isa = PBXFileReference; explicitFileType = wrapper.cfbundle; includeInIndex = 0; path = MusicTests.xctest; sourceTree = BUILT_PRODUCTS_DIR; };
		CA3D1030206F53D20057D9C4 /* MusicTests.swift */ = {isa = PBXFileReference; lastKnownFileType = sourcecode.swift; path = MusicTests.swift; sourceTree = "<group>"; };
		CA3D1032206F53D20057D9C4 /* Info.plist */ = {isa = PBXFileReference; lastKnownFileType = text.plist.xml; path = Info.plist; sourceTree = "<group>"; };
		CA3D1037206F53D20057D9C4 /* MusicUITests.xctest */ = {isa = PBXFileReference; explicitFileType = wrapper.cfbundle; includeInIndex = 0; path = MusicUITests.xctest; sourceTree = BUILT_PRODUCTS_DIR; };
		CA3D103B206F53D20057D9C4 /* MusicUITests.swift */ = {isa = PBXFileReference; lastKnownFileType = sourcecode.swift; path = MusicUITests.swift; sourceTree = "<group>"; };
		CA3D103D206F53D20057D9C4 /* Info.plist */ = {isa = PBXFileReference; lastKnownFileType = text.plist.xml; path = Info.plist; sourceTree = "<group>"; };
/* End PBXFileReference section */

/* Begin PBXFrameworksBuildPhase section */
		CA3D1015206F53D20057D9C4 /* Frameworks */ = {
			isa = PBXFrameworksBuildPhase;
			buildActionMask = 2147483647;
			files = (
			);
			runOnlyForDeploymentPostprocessing = 0;
		};
		CA3D1029206F53D20057D9C4 /* Frameworks */ = {
			isa = PBXFrameworksBuildPhase;
			buildActionMask = 2147483647;
			files = (
			);
			runOnlyForDeploymentPostprocessing = 0;
		};
		CA3D1034206F53D20057D9C4 /* Frameworks */ = {
			isa = PBXFrameworksBuildPhase;
			buildActionMask = 2147483647;
			files = (
			);
			runOnlyForDeploymentPostprocessing = 0;
		};
/* End PBXFrameworksBuildPhase section */

/* Begin PBXGroup section */
		CA3D100F206F53D10057D9C4 = {
			isa = PBXGroup;
			children = (
				CA3D101A206F53D20057D9C4 /* Music */,
				CA3D102F206F53D20057D9C4 /* MusicTests */,
				CA3D103A206F53D20057D9C4 /* MusicUITests */,
				CA3D1019206F53D20057D9C4 /* Products */,
			);
			sourceTree = "<group>";
		};
		CA3D1019206F53D20057D9C4 /* Products */ = {
			isa = PBXGroup;
			children = (
				CA3D1018206F53D20057D9C4 /* Music.app */,
				CA3D102C206F53D20057D9C4 /* MusicTests.xctest */,
				CA3D1037206F53D20057D9C4 /* MusicUITests.xctest */,
			);
			name = Products;
			sourceTree = "<group>";
		};
		CA3D101A206F53D20057D9C4 /* Music */ = {
			isa = PBXGroup;
			children = (
				CA3D101B206F53D20057D9C4 /* AppDelegate.swift */,
				CA3D101D206F53D20057D9C4 /* ViewController.swift */,
				CA3D101F206F53D20057D9C4 /* Main.storyboard */,
				CA3D1022206F53D20057D9C4 /* Assets.xcassets */,
				CA3D1024206F53D20057D9C4 /* LaunchScreen.storyboard */,
				CA3D1027206F53D20057D9C4 /* Info.plist */,
			);
			path = Music;
			sourceTree = "<group>";
		};
		CA3D102F206F53D20057D9C4 /* MusicTests */ = {
			isa = PBXGroup;
			children = (
				CA3D1030206F53D20057D9C4 /* MusicTests.swift */,
				CA3D1032206F53D20057D9C4 /* Info.plist */,
			);
			path = MusicTests;
			sourceTree = "<group>";
		};
		CA3D103A206F53D20057D9C4 /* MusicUITests */ = {
			isa = PBXGroup;
			children = (
				CA3D103B206F53D20057D9C4 /* MusicUITests.swift */,
				CA3D103D206F53D20057D9C4 /* Info.plist */,
			);
			path = MusicUITests;
			sourceTree = "<group>";
		};
/* End PBXGroup section */

/* Begin PBXNativeTarget section */
		CA3D1017206F53D20057D9C4 /* Music */ = {
			isa = PBXNativeTarget;
			buildConfigurationList = CA3D1040206F53D20057D9C4 /* Build configuration list for PBXNativeTarget "Music" */;
			buildPhases = (
				CA3D1014206F53D20057D9C4 /* Sources */,
				CA3D1015206F53D20057D9C4 /* Frameworks */,
				CA3D1016206F53D20057D9C4 /* Resources */,
			);
			buildRules = (
			);
			dependencies = (
			);
			name = Music;
			productName = Music;
			productReference = CA3D1018206F53D20057D9C4 /* Music.app */;
			productType = "com.apple.product-type.application";
		};
		CA3D102B206F53D20057D9C4 /* MusicTests */ = {
			isa = PBXNativeTarget;
			buildConfigurationList = CA3D1043206F53D20057D9C4 /* Build configuration list for PBXNativeTarget "MusicTests" */;
			buildPhases = (
				CA3D1028206F53D20057D9C4 /* Sources */,
				CA3D1029206F53D20057D9C4 /* Frameworks */,
				CA3D102A206F53D20057D9C4 /* Resources */,
			);
			buildRules = (
			);
			dependencies = (
				CA3D102E206F53D20057D9C4 /* PBXTargetDependency */,
			);
			name = MusicTests;
			productName = MusicTests;
			productReference = CA3D102C206F53D20057D9C4 /* MusicTests.xctest */;
			productType = "com.apple.product-type.bundle.unit-test";
		};
		CA3D1036206F53D20057D9C4 /* MusicUITests */ = {
			isa = PBXNativeTarget;
			buildConfigurationList = CA3D1046206F53D20057D9C4 /* Build configuration list for PBXNativeTarget "MusicUITests" */;
			buildPhases = (
				CA3D1033206F53D20057D9C4 /* Sources */,
				CA3D1034206F53D20057D9C4 /* Frameworks */,
				CA3D1035206F53D20057D9C4 /* Resources */,
			);
			buildRules = (
			);
			dependencies = (
				CA3D1039206F53D20057D9C4 /* PBXTargetDependency */,
			);
			name = MusicUITests;
			productName = MusicUITests;
			productReference = CA3D1037206F53D20057D9C4 /* MusicUITests.xctest */;
			productType = "com.apple.product-type.bundle.ui-testing";
		};
/* End PBXNativeTarget section */

/* Begin PBXProject section */
		CA3D1010206F53D10057D9C4 /* Project object */ = {
			isa = PBXProject;
			attributes = {
				LastSwiftUpdateCheck = 0920;
				LastUpgradeCheck = 0920;
				ORGANIZATIONNAME = sho;
				TargetAttributes = {
					CA3D1017206F53D20057D9C4 = {
						CreatedOnToolsVersion = 9.2;
						ProvisioningStyle = Automatic;
					};
					CA3D102B206F53D20057D9C4 = {
						CreatedOnToolsVersion = 9.2;
						ProvisioningStyle = Automatic;
						TestTargetID = CA3D1017206F53D20057D9C4;
					};
					CA3D1036206F53D20057D9C4 = {
						CreatedOnToolsVersion = 9.2;
						ProvisioningStyle = Automatic;
						TestTargetID = CA3D1017206F53D20057D9C4;
					};
				};
			};
			buildConfigurationList = CA3D1013206F53D10057D9C4 /* Build configuration list for PBXProject "Music" */;
			compatibilityVersion = "Xcode 8.0";
			developmentRegion = en;
			hasScannedForEncodings = 0;
			knownRegions = (
				en,
				Base,
			);
			mainGroup = CA3D100F206F53D10057D9C4;
			productRefGroup = CA3D1019206F53D20057D9C4 /* Products */;
			projectDirPath = "";
			projectRoot = "";
			targets = (
				CA3D1017206F53D20057D9C4 /* Music */,
				CA3D102B206F53D20057D9C4 /* MusicTests */,
				CA3D1036206F53D20057D9C4 /* MusicUITests */,
			);
		};
/* End PBXProject section */

/* Begin PBXResourcesBuildPhase section */
		CA3D1016206F53D20057D9C4 /* Resources */ = {
			isa = PBXResourcesBuildPhase;
			buildActionMask = 2147483647;
			files = (
				CA3D1026206F53D20057D9C4 /* LaunchScreen.storyboard in Resources */,
				CA3D1023206F53D20057D9C4 /* Assets.xcassets in Resources */,
				CA3D1021206F53D20057D9C4 /* Main.storyboard in Resources */,
			);
			runOnlyForDeploymentPostprocessing = 0;
		};
		CA3D102A206F53D20057D9C4 /* Resources */ = {
			isa = PBXResourcesBuildPhase;
			buildActionMask = 2147483647;
			files = (
			);
			runOnlyForDeploymentPostprocessing = 0;
		};
		CA3D1035206F53D20057D9C4 /* Resources */ = {
			isa = PBXResourcesBuildPhase;
			buildActionMask = 2147483647;
			files = (
			);
			runOnlyForDeploymentPostprocessing = 0;
		};
/* End PBXResourcesBuildPhase section */

/* Begin PBXSourcesBuildPhase section */
		CA3D1014206F53D20057D9C4 /* Sources */ = {
			isa = PBXSourcesBuildPhase;
			buildActionMask = 2147483647;
			files = (
				CA3D101E206F53D20057D9C4 /* ViewController.swift in Sources */,
				CA3D101C206F53D20057D9C4 /* AppDelegate.swift in Sources */,
			);
			runOnlyForDeploymentPostprocessing = 0;
		};
		CA3D1028206F53D20057D9C4 /* Sources */ = {
			isa = PBXSourcesBuildPhase;
			buildActionMask = 2147483647;
			files = (
				CA3D1031206F53D20057D9C4 /* MusicTests.swift in Sources */,
			);
			runOnlyForDeploymentPostprocessing = 0;
		};
		CA3D1033206F53D20057D9C4 /* Sources */ = {
			isa = PBXSourcesBuildPhase;
			buildActionMask = 2147483647;
			files = (
				CA3D103C206F53D20057D9C4 /* MusicUITests.swift in Sources */,
			);
			runOnlyForDeploymentPostprocessing = 0;
		};
/* End PBXSourcesBuildPhase section */

/* Begin PBXTargetDependency section */
		CA3D102E206F53D20057D9C4 /* PBXTargetDependency */ = {
			isa = PBXTargetDependency;
			target = CA3D1017206F53D20057D9C4 /* Music */;
			targetProxy = CA3D102D206F53D20057D9C4 /* PBXContainerItemProxy */;
		};
		CA3D1039206F53D20057D9C4 /* PBXTargetDependency */ = {
			isa = PBXTargetDependency;
			target = CA3D1017206F53D20057D9C4 /* Music */;
			targetProxy = CA3D1038206F53D20057D9C4 /* PBXContainerItemProxy */;
		};
/* End PBXTargetDependency section */

/* Begin PBXVariantGroup section */
		CA3D101F206F53D20057D9C4 /* Main.storyboard */ = {
			isa = PBXVariantGroup;
			children = (
				CA3D1020206F53D20057D9C4 /* Base */,
			);
			name = Main.storyboard;
			sourceTree = "<group>";
		};
		CA3D1024206F53D20057D9C4 /* LaunchScreen.storyboard */ = {
			isa = PBXVariantGroup;
			children = (
				CA3D1025206F53D20057D9C4 /* Base */,
			);
			name = LaunchScreen.storyboard;
			sourceTree = "<group>";
		};
/* End PBXVariantGroup section */

/* Begin XCBuildConfiguration section */
		CA3D103E206F53D20057D9C4 /* Debug */ = {
			isa = XCBuildConfiguration;
			buildSettings = {
				ALWAYS_SEARCH_USER_PATHS = NO;
				CLANG_ANALYZER_NONNULL = YES;
				CLANG_ANALYZER_NUMBER_OBJECT_CONVERSION = YES_AGGRESSIVE;
				CLANG_CXX_LANGUAGE_STANDARD = "gnu++14";
				CLANG_CXX_LIBRARY = "libc++";
				CLANG_ENABLE_MODULES = YES;
				CLANG_ENABLE_OBJC_ARC = YES;
				CLANG_WARN_BLOCK_CAPTURE_AUTORELEASING = YES;
				CLANG_WARN_BOOL_CONVERSION = YES;
				CLANG_WARN_COMMA = YES;
				CLANG_WARN_CONSTANT_CONVERSION = YES;
				CLANG_WARN_DIRECT_OBJC_ISA_USAGE = YES_ERROR;
				CLANG_WARN_DOCUMENTATION_COMMENTS = YES;
				CLANG_WARN_EMPTY_BODY = YES;
				CLANG_WARN_ENUM_CONVERSION = YES;
				CLANG_WARN_INFINITE_RECURSION = YES;
				CLANG_WARN_INT_CONVERSION = YES;
				CLANG_WARN_NON_LITERAL_NULL_CONVERSION = YES;
				CLANG_WARN_OBJC_LITERAL_CONVERSION = YES;
				CLANG_WARN_OBJC_ROOT_CLASS = YES_ERROR;
				CLANG_WARN_RANGE_LOOP_ANALYSIS = YES;
				CLANG_WARN_STRICT_PROTOTYPES = YES;
				CLANG_WARN_SUSPICIOUS_MOVE = YES;
				CLANG_WARN_UNGUARDED_AVAILABILITY = YES_AGGRESSIVE;
				CLANG_WARN_UNREACHABLE_CODE = YES;
				CLANG_WARN__DUPLICATE_METHOD_MATCH = YES;
				CODE_SIGN_IDENTITY = "iPhone Developer";
				COPY_PHASE_STRIP = NO;
				DEBUG_INFORMATION_FORMAT = dwarf;
				ENABLE_STRICT_OBJC_MSGSEND = YES;
				ENABLE_TESTABILITY = YES;
				GCC_C_LANGUAGE_STANDARD = gnu11;
				GCC_DYNAMIC_NO_PIC = NO;
				GCC_NO_COMMON_BLOCKS = YES;
				GCC_OPTIMIZATION_LEVEL = 0;
				GCC_PREPROCESSOR_DEFINITIONS = (
					"DEBUG=1",
					"$(inherited)",
				);
				GCC_WARN_64_TO_32_BIT_CONVERSION = YES;
				GCC_WARN_ABOUT_RETURN_TYPE = YES_ERROR;
				GCC_WARN_UNDECLARED_SELECTOR = YES;
				GCC_WARN_UNINITIALIZED_AUTOS = YES_AGGRESSIVE;
				GCC_WARN_UNUSED_FUNCTION = YES;
				GCC_WARN_UNUSED_VARIABLE = YES;
				IPHONEOS_DEPLOYMENT_TARGET = 11.2;
				MTL_ENABLE_DEBUG_INFO = YES;
				ONLY_ACTIVE_ARCH = YES;
				SDKROOT = iphoneos;
				SWIFT_ACTIVE_COMPILATION_CONDITIONS = DEBUG;
				SWIFT_OPTIMIZATION_LEVEL = "-Onone";
			};
			name = Debug;
		};
		CA3D103F206F53D20057D9C4 /* Release */ = {
			isa = XCBuildConfiguration;
			buildSettings = {
				ALWAYS_SEARCH_USER_PATHS = NO;
				CLANG_ANALYZER_NONNULL = YES;
				CLANG_ANALYZER_NUMBER_OBJECT_CONVERSION = YES_AGGRESSIVE;
				CLANG_CXX_LANGUAGE_STANDARD = "gnu++14";
				CLANG_CXX_LIBRARY = "libc++";
				CLANG_ENABLE_MODULES = YES;
				CLANG_ENABLE_OBJC_ARC = YES;
				CLANG_WARN_BLOCK_CAPTURE_AUTORELEASING = YES;
				CLANG_WARN_BOOL_CONVERSION = YES;
				CLANG_WARN_COMMA = YES;
				CLANG_WARN_CONSTANT_CONVERSION = YES;
				CLANG_WARN_DIRECT_OBJC_ISA_USAGE = YES_ERROR;
				CLANG_WARN_DOCUMENTATION_COMMENTS = YES;
				CLANG_WARN_EMPTY_BODY = YES;
				CLANG_WARN_ENUM_CONVERSION = YES;
				CLANG_WARN_INFINITE_RECURSION = YES;
				CLANG_WARN_INT_CONVERSION = YES;
				CLANG_WARN_NON_LITERAL_NULL_CONVERSION = YES;
				CLANG_WARN_OBJC_LITERAL_CONVERSION = YES;
				CLANG_WARN_OBJC_ROOT_CLASS = YES_ERROR;
				CLANG_WARN_RANGE_LOOP_ANALYSIS = YES;
				CLANG_WARN_STRICT_PROTOTYPES = YES;
				CLANG_WARN_SUSPICIOUS_MOVE = YES;
				CLANG_WARN_UNGUARDED_AVAILABILITY = YES_AGGRESSIVE;
				CLANG_WARN_UNREACHABLE_CODE = YES;
				CLANG_WARN__DUPLICATE_METHOD_MATCH = YES;
				CODE_SIGN_IDENTITY = "iPhone Developer";
				COPY_PHASE_STRIP = NO;
				DEBUG_INFORMATION_FORMAT = "dwarf-with-dsym";
				ENABLE_NS_ASSERTIONS = NO;
				ENABLE_STRICT_OBJC_MSGSEND = YES;
				GCC_C_LANGUAGE_STANDARD = gnu11;
				GCC_NO_COMMON_BLOCKS = YES;
				GCC_WARN_64_TO_32_BIT_CONVERSION = YES;
				GCC_WARN_ABOUT_RETURN_TYPE = YES_ERROR;
				GCC_WARN_UNDECLARED_SELECTOR = YES;
				GCC_WARN_UNINITIALIZED_AUTOS = YES_AGGRESSIVE;
				GCC_WARN_UNUSED_FUNCTION = YES;
				GCC_WARN_UNUSED_VARIABLE = YES;
				IPHONEOS_DEPLOYMENT_TARGET = 11.2;
				MTL_ENABLE_DEBUG_INFO = NO;
				SDKROOT = iphoneos;
				SWIFT_OPTIMIZATION_LEVEL = "-Owholemodule";
				VALIDATE_PRODUCT = YES;
			};
			name = Release;
		};
		CA3D1041206F53D20057D9C4 /* Debug */ = {
			isa = XCBuildConfiguration;
			buildSettings = {
				ASSETCATALOG_COMPILER_APPICON_NAME = AppIcon;
				CODE_SIGN_STYLE = Automatic;
				DEVELOPMENT_TEAM = BV8VP6YGE9;
				INFOPLIST_FILE = Music/Info.plist;
				LD_RUNPATH_SEARCH_PATHS = "$(inherited) @executable_path/Frameworks";
				PRODUCT_BUNDLE_IDENTIFIER = jp.sho.Music;
				PRODUCT_NAME = "$(TARGET_NAME)";
				SWIFT_VERSION = 4.0;
				TARGETED_DEVICE_FAMILY = "1,2";
			};
			name = Debug;
		};
		CA3D1042206F53D20057D9C4 /* Release */ = {
			isa = XCBuildConfiguration;
			buildSettings = {
				ASSETCATALOG_COMPILER_APPICON_NAME = AppIcon;
				CODE_SIGN_STYLE = Automatic;
				DEVELOPMENT_TEAM = BV8VP6YGE9;
				INFOPLIST_FILE = Music/Info.plist;
				LD_RUNPATH_SEARCH_PATHS = "$(inherited) @executable_path/Frameworks";
				PRODUCT_BUNDLE_IDENTIFIER = jp.sho.Music;
				PRODUCT_NAME = "$(TARGET_NAME)";
				SWIFT_VERSION = 4.0;
				TARGETED_DEVICE_FAMILY = "1,2";
			};
			name = Release;
		};
		CA3D1044206F53D20057D9C4 /* Debug */ = {
			isa = XCBuildConfiguration;
			buildSettings = {
				ALWAYS_EMBED_SWIFT_STANDARD_LIBRARIES = YES;
				BUNDLE_LOADER = "$(TEST_HOST)";
				CODE_SIGN_STYLE = Automatic;
				DEVELOPMENT_TEAM = BV8VP6YGE9;
				INFOPLIST_FILE = MusicTests/Info.plist;
				LD_RUNPATH_SEARCH_PATHS = "$(inherited) @executable_path/Frameworks @loader_path/Frameworks";
				PRODUCT_BUNDLE_IDENTIFIER = jp.sho.MusicTests;
				PRODUCT_NAME = "$(TARGET_NAME)";
				SWIFT_VERSION = 4.0;
				TARGETED_DEVICE_FAMILY = "1,2";
				TEST_HOST = "$(BUILT_PRODUCTS_DIR)/Music.app/Music";
			};
			name = Debug;
		};
		CA3D1045206F53D20057D9C4 /* Release */ = {
			isa = XCBuildConfiguration;
			buildSettings = {
				ALWAYS_EMBED_SWIFT_STANDARD_LIBRARIES = YES;
				BUNDLE_LOADER = "$(TEST_HOST)";
				CODE_SIGN_STYLE = Automatic;
				DEVELOPMENT_TEAM = BV8VP6YGE9;
				INFOPLIST_FILE = MusicTests/Info.plist;
				LD_RUNPATH_SEARCH_PATHS = "$(inherited) @executable_path/Frameworks @loader_path/Frameworks";
				PRODUCT_BUNDLE_IDENTIFIER = jp.sho.MusicTests;
				PRODUCT_NAME = "$(TARGET_NAME)";
				SWIFT_VERSION = 4.0;
				TARGETED_DEVICE_FAMILY = "1,2";
				TEST_HOST = "$(BUILT_PRODUCTS_DIR)/Music.app/Music";
			};
			name = Release;
		};
		CA3D1047206F53D20057D9C4 /* Debug */ = {
			isa = XCBuildConfiguration;
			buildSettings = {
				ALWAYS_EMBED_SWIFT_STANDARD_LIBRARIES = YES;
				CODE_SIGN_STYLE = Automatic;
				DEVELOPMENT_TEAM = BV8VP6YGE9;
				INFOPLIST_FILE = MusicUITests/Info.plist;
				LD_RUNPATH_SEARCH_PATHS = "$(inherited) @executable_path/Frameworks @loader_path/Frameworks";
				PRODUCT_BUNDLE_IDENTIFIER = jp.sho.MusicUITests;
				PRODUCT_NAME = "$(TARGET_NAME)";
				SWIFT_VERSION = 4.0;
				TARGETED_DEVICE_FAMILY = "1,2";
				TEST_TARGET_NAME = Music;
			};
			name = Debug;
		};
		CA3D1048206F53D20057D9C4 /* Release */ = {
			isa = XCBuildConfiguration;
			buildSettings = {
				ALWAYS_EMBED_SWIFT_STANDARD_LIBRARIES = YES;
				CODE_SIGN_STYLE = Automatic;
				DEVELOPMENT_TEAM = BV8VP6YGE9;
				INFOPLIST_FILE = MusicUITests/Info.plist;
				LD_RUNPATH_SEARCH_PATHS = "$(inherited) @executable_path/Frameworks @loader_path/Frameworks";
				PRODUCT_BUNDLE_IDENTIFIER = jp.sho.MusicUITests;
				PRODUCT_NAME = "$(TARGET_NAME)";
				SWIFT_VERSION = 4.0;
				TARGETED_DEVICE_FAMILY = "1,2";
				TEST_TARGET_NAME = Music;
			};
			name = Release;
		};
/* End XCBuildConfiguration section */

/* Begin XCConfigurationList section */
		CA3D1013206F53D10057D9C4 /* Build configuration list for PBXProject "Music" */ = {
			isa = XCConfigurationList;
			buildConfigurations = (
				CA3D103E206F53D20057D9C4 /* Debug */,
				CA3D103F206F53D20057D9C4 /* Release */,
			);
			defaultConfigurationIsVisible = 0;
			defaultConfigurationName = Release;
		};
		CA3D1040206F53D20057D9C4 /* Build configuration list for PBXNativeTarget "Music" */ = {
			isa = XCConfigurationList;
			buildConfigurations = (
				CA3D1041206F53D20057D9C4 /* Debug */,
				CA3D1042206F53D20057D9C4 /* Release */,
			);
			defaultConfigurationIsVisible = 0;
			defaultConfigurationName = Release;
		};
		CA3D1043206F53D20057D9C4 /* Build configuration list for PBXNativeTarget "MusicTests" */ = {
			isa = XCConfigurationList;
			buildConfigurations = (
				CA3D1044206F53D20057D9C4 /* Debug */,
				CA3D1045206F53D20057D9C4 /* Release */,
			);
			defaultConfigurationIsVisible = 0;
			defaultConfigurationName = Release;
		};
		CA3D1046206F53D20057D9C4 /* Build configuration list for PBXNativeTarget "MusicUITests" */ = {
			isa = XCConfigurationList;
			buildConfigurations = (
				CA3D1047206F53D20057D9C4 /* Debug */,
				CA3D1048206F53D20057D9C4 /* Release */,
			);
			defaultConfigurationIsVisible = 0;
			defaultConfigurationName = Release;
		};
/* End XCConfigurationList section */
	};
	rootObject = CA3D1010206F53D10057D9C4 /* Project object */;
}
